// !$*UTF8*$!
{
	archiveVersion = 1;
	classes = {
	};
	objectVersion = 48;
	objects = {

/* Begin PBXBuildFile section */
		22D116601F34D39000CC9A8D /* AppDelegate.m in Sources */ = {isa = PBXBuildFile; fileRef = 22D1165F1F34D39000CC9A8D /* AppDelegate.m */; };
		22D116631F34D39000CC9A8D /* ViewController.m in Sources */ = {isa = PBXBuildFile; fileRef = 22D116621F34D39000CC9A8D /* ViewController.m */; };
		22D116661F34D39000CC9A8D /* Main.storyboard in Resources */ = {isa = PBXBuildFile; fileRef = 22D116641F34D39000CC9A8D /* Main.storyboard */; };
		22D116681F34D39000CC9A8D /* Assets.xcassets in Resources */ = {isa = PBXBuildFile; fileRef = 22D116671F34D39000CC9A8D /* Assets.xcassets */; };
		22D1166B1F34D39000CC9A8D /* LaunchScreen.storyboard in Resources */ = {isa = PBXBuildFile; fileRef = 22D116691F34D39000CC9A8D /* LaunchScreen.storyboard */; };
		22D1166E1F34D39000CC9A8D /* main.m in Sources */ = {isa = PBXBuildFile; fileRef = 22D1166D1F34D39000CC9A8D /* main.m */; };
		22D116781F34D39000CC9A8D /* DemoTests.m in Sources */ = {isa = PBXBuildFile; fileRef = 22D116771F34D39000CC9A8D /* DemoTests.m */; };
		22D116831F34D39000CC9A8D /* DemoUITests.m in Sources */ = {isa = PBXBuildFile; fileRef = 22D116821F34D39000CC9A8D /* DemoUITests.m */; };
		22D116921F34D4FE00CC9A8D /* TrianlgeView.m in Sources */ = {isa = PBXBuildFile; fileRef = 22D116911F34D4FE00CC9A8D /* TrianlgeView.m */; };
		22D116951F34DCA500CC9A8D /* StarView.m in Sources */ = {isa = PBXBuildFile; fileRef = 22D116941F34DCA500CC9A8D /* StarView.m */; };
		22D116981F34E46900CC9A8D /* TextAndWebViewController.m in Sources */ = {isa = PBXBuildFile; fileRef = 22D116971F34E46900CC9A8D /* TextAndWebViewController.m */; };
/* End PBXBuildFile section */

/* Begin PBXContainerItemProxy section */
		22D116741F34D39000CC9A8D /* PBXContainerItemProxy */ = {
			isa = PBXContainerItemProxy;
			containerPortal = 22D116531F34D39000CC9A8D /* Project object */;
			proxyType = 1;
			remoteGlobalIDString = 22D1165A1F34D39000CC9A8D;
			remoteInfo = Demo;
		};
		22D1167F1F34D39000CC9A8D /* PBXContainerItemProxy */ = {
			isa = PBXContainerItemProxy;
			containerPortal = 22D116531F34D39000CC9A8D /* Project object */;
			proxyType = 1;
			remoteGlobalIDString = 22D1165A1F34D39000CC9A8D;
			remoteInfo = Demo;
		};
/* End PBXContainerItemProxy section */

/* Begin PBXFileReference section */
		22D1165B1F34D39000CC9A8D /* Demo.app */ = {isa = PBXFileReference; explicitFileType = wrapper.application; includeInIndex = 0; path = Demo.app; sourceTree = BUILT_PRODUCTS_DIR; };
		22D1165E1F34D39000CC9A8D /* AppDelegate.h */ = {isa = PBXFileReference; lastKnownFileType = sourcecode.c.h; path = AppDelegate.h; sourceTree = "<group>"; };
		22D1165F1F34D39000CC9A8D /* AppDelegate.m */ = {isa = PBXFileReference; lastKnownFileType = sourcecode.c.objc; path = AppDelegate.m; sourceTree = "<group>"; };
		22D116611F34D39000CC9A8D /* ViewController.h */ = {isa = PBXFileReference; lastKnownFileType = sourcecode.c.h; path = ViewController.h; sourceTree = "<group>"; };
		22D116621F34D39000CC9A8D /* ViewController.m */ = {isa = PBXFileReference; lastKnownFileType = sourcecode.c.objc; path = ViewController.m; sourceTree = "<group>"; };
		22D116651F34D39000CC9A8D /* Base */ = {isa = PBXFileReference; lastKnownFileType = file.storyboard; name = Base; path = Base.lproj/Main.storyboard; sourceTree = "<group>"; };
		22D116671F34D39000CC9A8D /* Assets.xcassets */ = {isa = PBXFileReference; lastKnownFileType = folder.assetcatalog; path = Assets.xcassets; sourceTree = "<group>"; };
		22D1166A1F34D39000CC9A8D /* Base */ = {isa = PBXFileReference; lastKnownFileType = file.storyboard; name = Base; path = Base.lproj/LaunchScreen.storyboard; sourceTree = "<group>"; };
		22D1166C1F34D39000CC9A8D /* Info.plist */ = {isa = PBXFileReference; lastKnownFileType = text.plist.xml; path = Info.plist; sourceTree = "<group>"; };
		22D1166D1F34D39000CC9A8D /* main.m */ = {isa = PBXFileReference; lastKnownFileType = sourcecode.c.objc; path = main.m; sourceTree = "<group>"; };
		22D116731F34D39000CC9A8D /* DemoTests.xctest */ = {isa = PBXFileReference; explicitFileType = wrapper.cfbundle; includeInIndex = 0; path = DemoTests.xctest; sourceTree = BUILT_PRODUCTS_DIR; };
		22D116771F34D39000CC9A8D /* DemoTests.m */ = {isa = PBXFileReference; lastKnownFileType = sourcecode.c.objc; path = DemoTests.m; sourceTree = "<group>"; };
		22D116791F34D39000CC9A8D /* Info.plist */ = {isa = PBXFileReference; lastKnownFileType = text.plist.xml; path = Info.plist; sourceTree = "<group>"; };
		22D1167E1F34D39000CC9A8D /* DemoUITests.xctest */ = {isa = PBXFileReference; explicitFileType = wrapper.cfbundle; includeInIndex = 0; path = DemoUITests.xctest; sourceTree = BUILT_PRODUCTS_DIR; };
		22D116821F34D39000CC9A8D /* DemoUITests.m */ = {isa = PBXFileReference; lastKnownFileType = sourcecode.c.objc; path = DemoUITests.m; sourceTree = "<group>"; };
		22D116841F34D39000CC9A8D /* Info.plist */ = {isa = PBXFileReference; lastKnownFileType = text.plist.xml; path = Info.plist; sourceTree = "<group>"; };
		22D116901F34D4FE00CC9A8D /* TrianlgeView.h */ = {isa = PBXFileReference; lastKnownFileType = sourcecode.c.h; path = TrianlgeView.h; sourceTree = "<group>"; };
		22D116911F34D4FE00CC9A8D /* TrianlgeView.m */ = {isa = PBXFileReference; lastKnownFileType = sourcecode.c.objc; path = TrianlgeView.m; sourceTree = "<group>"; };
		22D116931F34DCA500CC9A8D /* StarView.h */ = {isa = PBXFileReference; lastKnownFileType = sourcecode.c.h; path = StarView.h; sourceTree = "<group>"; };
		22D116941F34DCA500CC9A8D /* StarView.m */ = {isa = PBXFileReference; lastKnownFileType = sourcecode.c.objc; path = StarView.m; sourceTree = "<group>"; };
		22D116961F34E46900CC9A8D /* TextAndWebViewController.h */ = {isa = PBXFileReference; lastKnownFileType = sourcecode.c.h; path = TextAndWebViewController.h; sourceTree = "<group>"; };
		22D116971F34E46900CC9A8D /* TextAndWebViewController.m */ = {isa = PBXFileReference; lastKnownFileType = sourcecode.c.objc; path = TextAndWebViewController.m; sourceTree = "<group>"; };
/* End PBXFileReference section */

/* Begin PBXFrameworksBuildPhase section */
		22D116581F34D39000CC9A8D /* Frameworks */ = {
			isa = PBXFrameworksBuildPhase;
			buildActionMask = 2147483647;
			files = (
			);
			runOnlyForDeploymentPostprocessing = 0;
		};
		22D116701F34D39000CC9A8D /* Frameworks */ = {
			isa = PBXFrameworksBuildPhase;
			buildActionMask = 2147483647;
			files = (
			);
			runOnlyForDeploymentPostprocessing = 0;
		};
		22D1167B1F34D39000CC9A8D /* Frameworks */ = {
			isa = PBXFrameworksBuildPhase;
			buildActionMask = 2147483647;
			files = (
			);
			runOnlyForDeploymentPostprocessing = 0;
		};
/* End PBXFrameworksBuildPhase section */

/* Begin PBXGroup section */
		22D116521F34D39000CC9A8D = {
			isa = PBXGroup;
			children = (
				22D1165D1F34D39000CC9A8D /* Demo */,
				22D116761F34D39000CC9A8D /* DemoTests */,
				22D116811F34D39000CC9A8D /* DemoUITests */,
				22D1165C1F34D39000CC9A8D /* Products */,
			);
			sourceTree = "<group>";
		};
		22D1165C1F34D39000CC9A8D /* Products */ = {
			isa = PBXGroup;
			children = (
				22D1165B1F34D39000CC9A8D /* Demo.app */,
				22D116731F34D39000CC9A8D /* DemoTests.xctest */,
				22D1167E1F34D39000CC9A8D /* DemoUITests.xctest */,
			);
			name = Products;
			sourceTree = "<group>";
		};
		22D1165D1F34D39000CC9A8D /* Demo */ = {
			isa = PBXGroup;
			children = (
				22D1165E1F34D39000CC9A8D /* AppDelegate.h */,
				22D1165F1F34D39000CC9A8D /* AppDelegate.m */,
				22D116961F34E46900CC9A8D /* TextAndWebViewController.h */,
				22D116971F34E46900CC9A8D /* TextAndWebViewController.m */,
				22D116611F34D39000CC9A8D /* ViewController.h */,
				22D116621F34D39000CC9A8D /* ViewController.m */,
				22D116901F34D4FE00CC9A8D /* TrianlgeView.h */,
				22D116911F34D4FE00CC9A8D /* TrianlgeView.m */,
				22D116931F34DCA500CC9A8D /* StarView.h */,
				22D116941F34DCA500CC9A8D /* StarView.m */,
				22D116641F34D39000CC9A8D /* Main.storyboard */,
				22D116671F34D39000CC9A8D /* Assets.xcassets */,
				22D116691F34D39000CC9A8D /* LaunchScreen.storyboard */,
				22D1166C1F34D39000CC9A8D /* Info.plist */,
				22D1166D1F34D39000CC9A8D /* main.m */,
			);
			path = Demo;
			sourceTree = "<group>";
		};
		22D116761F34D39000CC9A8D /* DemoTests */ = {
			isa = PBXGroup;
			children = (
				22D116771F34D39000CC9A8D /* DemoTests.m */,
				22D116791F34D39000CC9A8D /* Info.plist */,
			);
			path = DemoTests;
			sourceTree = "<group>";
		};
		22D116811F34D39000CC9A8D /* DemoUITests */ = {
			isa = PBXGroup;
			children = (
				22D116821F34D39000CC9A8D /* DemoUITests.m */,
				22D116841F34D39000CC9A8D /* Info.plist */,
			);
			path = DemoUITests;
			sourceTree = "<group>";
		};
/* End PBXGroup section */

/* Begin PBXNativeTarget section */
		22D1165A1F34D39000CC9A8D /* Demo */ = {
			isa = PBXNativeTarget;
			buildConfigurationList = 22D116871F34D39000CC9A8D /* Build configuration list for PBXNativeTarget "Demo" */;
			buildPhases = (
				22D116571F34D39000CC9A8D /* Sources */,
				22D116581F34D39000CC9A8D /* Frameworks */,
				22D116591F34D39000CC9A8D /* Resources */,
			);
			buildRules = (
			);
			dependencies = (
			);
			name = Demo;
			productName = Demo;
			productReference = 22D1165B1F34D39000CC9A8D /* Demo.app */;
			productType = "com.apple.product-type.application";
		};
		22D116721F34D39000CC9A8D /* DemoTests */ = {
			isa = PBXNativeTarget;
			buildConfigurationList = 22D1168A1F34D39000CC9A8D /* Build configuration list for PBXNativeTarget "DemoTests" */;
			buildPhases = (
				22D1166F1F34D39000CC9A8D /* Sources */,
				22D116701F34D39000CC9A8D /* Frameworks */,
				22D116711F34D39000CC9A8D /* Resources */,
			);
			buildRules = (
			);
			dependencies = (
				22D116751F34D39000CC9A8D /* PBXTargetDependency */,
			);
			name = DemoTests;
			productName = DemoTests;
			productReference = 22D116731F34D39000CC9A8D /* DemoTests.xctest */;
			productType = "com.apple.product-type.bundle.unit-test";
		};
		22D1167D1F34D39000CC9A8D /* DemoUITests */ = {
			isa = PBXNativeTarget;
			buildConfigurationList = 22D1168D1F34D39000CC9A8D /* Build configuration list for PBXNativeTarget "DemoUITests" */;
			buildPhases = (
				22D1167A1F34D39000CC9A8D /* Sources */,
				22D1167B1F34D39000CC9A8D /* Frameworks */,
				22D1167C1F34D39000CC9A8D /* Resources */,
			);
			buildRules = (
			);
			dependencies = (
				22D116801F34D39000CC9A8D /* PBXTargetDependency */,
			);
			name = DemoUITests;
			productName = DemoUITests;
			productReference = 22D1167E1F34D39000CC9A8D /* DemoUITests.xctest */;
			productType = "com.apple.product-type.bundle.ui-testing";
		};
/* End PBXNativeTarget section */

/* Begin PBXProject section */
		22D116531F34D39000CC9A8D /* Project object */ = {
			isa = PBXProject;
			attributes = {
				LastUpgradeCheck = 0900;
				ORGANIZATIONNAME = "Sam Meech-Ward";
				TargetAttributes = {
					22D1165A1F34D39000CC9A8D = {
						CreatedOnToolsVersion = 9.0;
					};
					22D116721F34D39000CC9A8D = {
						CreatedOnToolsVersion = 9.0;
						TestTargetID = 22D1165A1F34D39000CC9A8D;
					};
					22D1167D1F34D39000CC9A8D = {
						CreatedOnToolsVersion = 9.0;
						TestTargetID = 22D1165A1F34D39000CC9A8D;
					};
				};
			};
			buildConfigurationList = 22D116561F34D39000CC9A8D /* Build configuration list for PBXProject "Demo" */;
			compatibilityVersion = "Xcode 8.0";
			developmentRegion = en;
			hasScannedForEncodings = 0;
			knownRegions = (
				en,
				Base,
			);
			mainGroup = 22D116521F34D39000CC9A8D;
			productRefGroup = 22D1165C1F34D39000CC9A8D /* Products */;
			projectDirPath = "";
			projectRoot = "";
			targets = (
				22D1165A1F34D39000CC9A8D /* Demo */,
				22D116721F34D39000CC9A8D /* DemoTests */,
				22D1167D1F34D39000CC9A8D /* DemoUITests */,
			);
		};
/* End PBXProject section */

/* Begin PBXResourcesBuildPhase section */
		22D116591F34D39000CC9A8D /* Resources */ = {
			isa = PBXResourcesBuildPhase;
			buildActionMask = 2147483647;
			files = (
				22D1166B1F34D39000CC9A8D /* LaunchScreen.storyboard in Resources */,
				22D116681F34D39000CC9A8D /* Assets.xcassets in Resources */,
				22D116661F34D39000CC9A8D /* Main.storyboard in Resources */,
			);
			runOnlyForDeploymentPostprocessing = 0;
		};
		22D116711F34D39000CC9A8D /* Resources */ = {
			isa = PBXResourcesBuildPhase;
			buildActionMask = 2147483647;
			files = (
			);
			runOnlyForDeploymentPostprocessing = 0;
		};
		22D1167C1F34D39000CC9A8D /* Resources */ = {
			isa = PBXResourcesBuildPhase;
			buildActionMask = 2147483647;
			files = (
			);
			runOnlyForDeploymentPostprocessing = 0;
		};
/* End PBXResourcesBuildPhase section */

/* Begin PBXSourcesBuildPhase section */
		22D116571F34D39000CC9A8D /* Sources */ = {
			isa = PBXSourcesBuildPhase;
			buildActionMask = 2147483647;
			files = (
				22D116631F34D39000CC9A8D /* ViewController.m in Sources */,
				22D1166E1F34D39000CC9A8D /* main.m in Sources */,
				22D116981F34E46900CC9A8D /* TextAndWebViewController.m in Sources */,
				22D116921F34D4FE00CC9A8D /* TrianlgeView.m in Sources */,
				22D116951F34DCA500CC9A8D /* StarView.m in Sources */,
				22D116601F34D39000CC9A8D /* AppDelegate.m in Sources */,
			);
			runOnlyForDeploymentPostprocessing = 0;
		};
		22D1166F1F34D39000CC9A8D /* Sources */ = {
			isa = PBXSourcesBuildPhase;
			buildActionMask = 2147483647;
			files = (
				22D116781F34D39000CC9A8D /* DemoTests.m in Sources */,
			);
			runOnlyForDeploymentPostprocessing = 0;
		};
		22D1167A1F34D39000CC9A8D /* Sources */ = {
			isa = PBXSourcesBuildPhase;
			buildActionMask = 2147483647;
			files = (
				22D116831F34D39000CC9A8D /* DemoUITests.m in Sources */,
			);
			runOnlyForDeploymentPostprocessing = 0;
		};
/* End PBXSourcesBuildPhase section */

/* Begin PBXTargetDependency section */
		22D116751F34D39000CC9A8D /* PBXTargetDependency */ = {
			isa = PBXTargetDependency;
			target = 22D1165A1F34D39000CC9A8D /* Demo */;
			targetProxy = 22D116741F34D39000CC9A8D /* PBXContainerItemProxy */;
		};
		22D116801F34D39000CC9A8D /* PBXTargetDependency */ = {
			isa = PBXTargetDependency;
			target = 22D1165A1F34D39000CC9A8D /* Demo */;
			targetProxy = 22D1167F1F34D39000CC9A8D /* PBXContainerItemProxy */;
		};
/* End PBXTargetDependency section */

/* Begin PBXVariantGroup section */
		22D116641F34D39000CC9A8D /* Main.storyboard */ = {
			isa = PBXVariantGroup;
			children = (
				22D116651F34D39000CC9A8D /* Base */,
			);
			name = Main.storyboard;
			sourceTree = "<group>";
		};
		22D116691F34D39000CC9A8D /* LaunchScreen.storyboard */ = {
			isa = PBXVariantGroup;
			children = (
				22D1166A1F34D39000CC9A8D /* Base */,
			);
			name = LaunchScreen.storyboard;
			sourceTree = "<group>";
		};
/* End PBXVariantGroup section */

/* Begin XCBuildConfiguration section */
		22D116851F34D39000CC9A8D /* Debug */ = {
			isa = XCBuildConfiguration;
			buildSettings = {
				ALWAYS_SEARCH_USER_PATHS = NO;
				CLANG_ANALYZER_NONNULL = YES;
				CLANG_ANALYZER_NUMBER_OBJECT_CONVERSION = YES_AGGRESSIVE;
				CLANG_CXX_LANGUAGE_STANDARD = "gnu++14";
				CLANG_CXX_LIBRARY = "libc++";
				CLANG_ENABLE_MODULES = YES;
				CLANG_ENABLE_OBJC_ARC = YES;
				CLANG_WARN_BLOCK_CAPTURE_AUTORELEASING = YES;
				CLANG_WARN_BOOL_CONVERSION = YES;
				CLANG_WARN_COMMA = YES;
				CLANG_WARN_CONSTANT_CONVERSION = YES;
				CLANG_WARN_DIRECT_OBJC_ISA_USAGE = YES_ERROR;
				CLANG_WARN_DOCUMENTATION_COMMENTS = YES;
				CLANG_WARN_EMPTY_BODY = YES;
				CLANG_WARN_ENUM_CONVERSION = YES;
				CLANG_WARN_INFINITE_RECURSION = YES;
				CLANG_WARN_INT_CONVERSION = YES;
				CLANG_WARN_OBJC_ROOT_CLASS = YES_ERROR;
				CLANG_WARN_RANGE_LOOP_ANALYSIS = YES;
				CLANG_WARN_STRICT_PROTOTYPES = YES;
				CLANG_WARN_SUSPICIOUS_MOVE = YES;
				CLANG_WARN_UNGUARDED_AVAILABILITY = YES_AGGRESSIVE;
				CLANG_WARN_UNREACHABLE_CODE = YES;
				CLANG_WARN__DUPLICATE_METHOD_MATCH = YES;
				CODE_SIGN_IDENTITY = "iPhone Developer";
				COPY_PHASE_STRIP = NO;
				DEBUG_INFORMATION_FORMAT = dwarf;
				ENABLE_STRICT_OBJC_MSGSEND = YES;
				ENABLE_TESTABILITY = YES;
				GCC_C_LANGUAGE_STANDARD = gnu11;
				GCC_DYNAMIC_NO_PIC = NO;
				GCC_NO_COMMON_BLOCKS = YES;
				GCC_OPTIMIZATION_LEVEL = 0;
				GCC_PREPROCESSOR_DEFINITIONS = (
					"DEBUG=1",
					"$(inherited)",
				);
				GCC_WARN_64_TO_32_BIT_CONVERSION = YES;
				GCC_WARN_ABOUT_RETURN_TYPE = YES_ERROR;
				GCC_WARN_UNDECLARED_SELECTOR = YES;
				GCC_WARN_UNINITIALIZED_AUTOS = YES_AGGRESSIVE;
				GCC_WARN_UNUSED_FUNCTION = YES;
				GCC_WARN_UNUSED_VARIABLE = YES;
				IPHONEOS_DEPLOYMENT_TARGET = 11.0;
				MTL_ENABLE_DEBUG_INFO = YES;
				ONLY_ACTIVE_ARCH = YES;
				SDKROOT = iphoneos;
			};
			name = Debug;
		};
		22D116861F34D39000CC9A8D /* Release */ = {
			isa = XCBuildConfiguration;
			buildSettings = {
				ALWAYS_SEARCH_USER_PATHS = NO;
				CLANG_ANALYZER_NONNULL = YES;
				CLANG_ANALYZER_NUMBER_OBJECT_CONVERSION = YES_AGGRESSIVE;
				CLANG_CXX_LANGUAGE_STANDARD = "gnu++14";
				CLANG_CXX_LIBRARY = "libc++";
				CLANG_ENABLE_MODULES = YES;
				CLANG_ENABLE_OBJC_ARC = YES;
				CLANG_WARN_BLOCK_CAPTURE_AUTORELEASING = YES;
				CLANG_WARN_BOOL_CONVERSION = YES;
				CLANG_WARN_COMMA = YES;
				CLANG_WARN_CONSTANT_CONVERSION = YES;
				CLANG_WARN_DIRECT_OBJC_ISA_USAGE = YES_ERROR;
				CLANG_WARN_DOCUMENTATION_COMMENTS = YES;
				CLANG_WARN_EMPTY_BODY = YES;
				CLANG_WARN_ENUM_CONVERSION = YES;
				CLANG_WARN_INFINITE_RECURSION = YES;
				CLANG_WARN_INT_CONVERSION = YES;
				CLANG_WARN_OBJC_ROOT_CLASS = YES_ERROR;
				CLANG_WARN_RANGE_LOOP_ANALYSIS = YES;
				CLANG_WARN_STRICT_PROTOTYPES = YES;
				CLANG_WARN_SUSPICIOUS_MOVE = YES;
				CLANG_WARN_UNGUARDED_AVAILABILITY = YES_AGGRESSIVE;
				CLANG_WARN_UNREACHABLE_CODE = YES;
				CLANG_WARN__DUPLICATE_METHOD_MATCH = YES;
				CODE_SIGN_IDENTITY = "iPhone Developer";
				COPY_PHASE_STRIP = NO;
				DEBUG_INFORMATION_FORMAT = "dwarf-with-dsym";
				ENABLE_NS_ASSERTIONS = NO;
				ENABLE_STRICT_OBJC_MSGSEND = YES;
				GCC_C_LANGUAGE_STANDARD = gnu11;
				GCC_NO_COMMON_BLOCKS = YES;
				GCC_WARN_64_TO_32_BIT_CONVERSION = YES;
				GCC_WARN_ABOUT_RETURN_TYPE = YES_ERROR;
				GCC_WARN_UNDECLARED_SELECTOR = YES;
				GCC_WARN_UNINITIALIZED_AUTOS = YES_AGGRESSIVE;
				GCC_WARN_UNUSED_FUNCTION = YES;
				GCC_WARN_UNUSED_VARIABLE = YES;
				IPHONEOS_DEPLOYMENT_TARGET = 11.0;
				MTL_ENABLE_DEBUG_INFO = NO;
				SDKROOT = iphoneos;
				VALIDATE_PRODUCT = YES;
			};
			name = Release;
		};
		22D116881F34D39000CC9A8D /* Debug */ = {
			isa = XCBuildConfiguration;
			buildSettings = {
				ASSETCATALOG_COMPILER_APPICON_NAME = AppIcon;
				DEVELOPMENT_TEAM = 7GT6EK8D4J;
				INFOPLIST_FILE = Demo/Info.plist;
				LD_RUNPATH_SEARCH_PATHS = "$(inherited) @executable_path/Frameworks";
				PRODUCT_BUNDLE_IDENTIFIER = "com.meech-ward.Demo";
				PRODUCT_NAME = "$(TARGET_NAME)";
				TARGETED_DEVICE_FAMILY = "1,2";
			};
			name = Debug;
		};
		22D116891F34D39000CC9A8D /* Release */ = {
			isa = XCBuildConfiguration;
			buildSettings = {
				ASSETCATALOG_COMPILER_APPICON_NAME = AppIcon;
				DEVELOPMENT_TEAM = 7GT6EK8D4J;
				INFOPLIST_FILE = Demo/Info.plist;
				LD_RUNPATH_SEARCH_PATHS = "$(inherited) @executable_path/Frameworks";
				PRODUCT_BUNDLE_IDENTIFIER = "com.meech-ward.Demo";
				PRODUCT_NAME = "$(TARGET_NAME)";
				TARGETED_DEVICE_FAMILY = "1,2";
			};
			name = Release;
		};
		22D1168B1F34D39000CC9A8D /* Debug */ = {
			isa = XCBuildConfiguration;
			buildSettings = {
				BUNDLE_LOADER = "$(TEST_HOST)";
				DEVELOPMENT_TEAM = 7GT6EK8D4J;
				INFOPLIST_FILE = DemoTests/Info.plist;
				LD_RUNPATH_SEARCH_PATHS = "$(inherited) @executable_path/Frameworks @loader_path/Frameworks";
				PRODUCT_BUNDLE_IDENTIFIER = "com.meech-ward.DemoTests";
				PRODUCT_NAME = "$(TARGET_NAME)";
				TARGETED_DEVICE_FAMILY = "1,2";
				TEST_HOST = "$(BUILT_PRODUCTS_DIR)/Demo.app/Demo";
			};
			name = Debug;
		};
		22D1168C1F34D39000CC9A8D /* Release */ = {
			isa = XCBuildConfiguration;
			buildSettings = {
				BUNDLE_LOADER = "$(TEST_HOST)";
				DEVELOPMENT_TEAM = 7GT6EK8D4J;
				INFOPLIST_FILE = DemoTests/Info.plist;
				LD_RUNPATH_SEARCH_PATHS = "$(inherited) @executable_path/Frameworks @loader_path/Frameworks";
				PRODUCT_BUNDLE_IDENTIFIER = "com.meech-ward.DemoTests";
				PRODUCT_NAME = "$(TARGET_NAME)";
				TARGETED_DEVICE_FAMILY = "1,2";
				TEST_HOST = "$(BUILT_PRODUCTS_DIR)/Demo.app/Demo";
			};
			name = Release;
		};
		22D1168E1F34D39000CC9A8D /* Debug */ = {
			isa = XCBuildConfiguration;
			buildSettings = {
				DEVELOPMENT_TEAM = 7GT6EK8D4J;
				INFOPLIST_FILE = DemoUITests/Info.plist;
				LD_RUNPATH_SEARCH_PATHS = "$(inherited) @executable_path/Frameworks @loader_path/Frameworks";
				PRODUCT_BUNDLE_IDENTIFIER = "com.meech-ward.DemoUITests";
				PRODUCT_NAME = "$(TARGET_NAME)";
				TARGETED_DEVICE_FAMILY = "1,2";
				TEST_TARGET_NAME = Demo;
			};
			name = Debug;
		};
		22D1168F1F34D39000CC9A8D /* Release */ = {
			isa = XCBuildConfiguration;
			buildSettings = {
				DEVELOPMENT_TEAM = 7GT6EK8D4J;
				INFOPLIST_FILE = DemoUITests/Info.plist;
				LD_RUNPATH_SEARCH_PATHS = "$(inherited) @executable_path/Frameworks @loader_path/Frameworks";
				PRODUCT_BUNDLE_IDENTIFIER = "com.meech-ward.DemoUITests";
				PRODUCT_NAME = "$(TARGET_NAME)";
				TARGETED_DEVICE_FAMILY = "1,2";
				TEST_TARGET_NAME = Demo;
			};
			name = Release;
		};
/* End XCBuildConfiguration section */

/* Begin XCConfigurationList section */
		22D116561F34D39000CC9A8D /* Build configuration list for PBXProject "Demo" */ = {
			isa = XCConfigurationList;
			buildConfigurations = (
				22D116851F34D39000CC9A8D /* Debug */,
				22D116861F34D39000CC9A8D /* Release */,
			);
			defaultConfigurationIsVisible = 0;
			defaultConfigurationName = Release;
		};
		22D116871F34D39000CC9A8D /* Build configuration list for PBXNativeTarget "Demo" */ = {
			isa = XCConfigurationList;
			buildConfigurations = (
				22D116881F34D39000CC9A8D /* Debug */,
				22D116891F34D39000CC9A8D /* Release */,
			);
			defaultConfigurationIsVisible = 0;
		};
		22D1168A1F34D39000CC9A8D /* Build configuration list for PBXNativeTarget "DemoTests" */ = {
			isa = XCConfigurationList;
			buildConfigurations = (
				22D1168B1F34D39000CC9A8D /* Debug */,
				22D1168C1F34D39000CC9A8D /* Release */,
			);
			defaultConfigurationIsVisible = 0;
		};
		22D1168D1F34D39000CC9A8D /* Build configuration list for PBXNativeTarget "DemoUITests" */ = {
			isa = XCConfigurationList;
			buildConfigurations = (
				22D1168E1F34D39000CC9A8D /* Debug */,
				22D1168F1F34D39000CC9A8D /* Release */,
			);
			defaultConfigurationIsVisible = 0;
		};
/* End XCConfigurationList section */
	};
	rootObject = 22D116531F34D39000CC9A8D /* Project object */;
}
